
Microsoft Visual Studio Solution File, Format Version 12.00
# Visual Studio Version 16
VisualStudioVersion = 16.0.29519.87
MinimumVisualStudioVersion = 10.0.40219.1
Project("{FAE04EC0-301F-11D3-BF4B-00C04F79EFBC}") = "podgotovka2", "podgotovka2\podgotovka2.csproj", "{A461E963-FE81-45B6-B043-7FB6EF80C667}"
EndProject
Global
	GlobalSection(SolutionConfigurationPlatforms) = preSolution
		Debug|Any CPU = Debug|Any CPU
		Release|Any CPU = Release|Any CPU
	EndGlobalSection
	GlobalSection(ProjectConfigurationPlatforms) = postSolution
		{A461E963-FE81-45B6-B043-7FB6EF80C667}.Debug|Any CPU.ActiveCfg = Debug|Any CPU
		{A461E963-FE81-45B6-B043-7FB6EF80C667}.Debug|Any CPU.Build.0 = Debug|Any CPU
		{A461E963-FE81-45B6-B043-7FB6EF80C667}.Release|Any CPU.ActiveCfg = Release|Any CPU
		{A461E963-FE81-45B6-B043-7FB6EF80C667}.Release|Any CPU.Build.0 = Release|Any CPU
	EndGlobalSection
	GlobalSection(SolutionProperties) = preSolution
		HideSolutionNode = FALSE
	EndGlobalSection
	GlobalSection(ExtensibilityGlobals) = postSolution
		SolutionGuid = {DDC81C6E-2ED7-4EF5-9AB9-3A011D2B91C5}
	EndGlobalSection
EndGlobal
